
Microsoft Visual Studio Solution File, Format Version 12.00
# Visual Studio Version 16
VisualStudioVersion = 16.0.31105.61
MinimumVisualStudioVersion = 10.0.40219.1
Project("{FAE04EC0-301F-11D3-BF4B-00C04F79EFBC}") = "WebhookUpdate", "WebhookUpdate.csproj", "{0B457D67-B943-45F8-83D7-A2B85FFD92DC}"
EndProject
Global
	GlobalSection(SolutionConfigurationPlatforms) = preSolution
		Debug|Any CPU = Debug|Any CPU
		Release|Any CPU = Release|Any CPU
	EndGlobalSection
	GlobalSection(ProjectConfigurationPlatforms) = postSolution
		{0B457D67-B943-45F8-83D7-A2B85FFD92DC}.Debug|Any CPU.ActiveCfg = Debug|Any CPU
		{0B457D67-B943-45F8-83D7-A2B85FFD92DC}.Debug|Any CPU.Build.0 = Debug|Any CPU
		{0B457D67-B943-45F8-83D7-A2B85FFD92DC}.Release|Any CPU.ActiveCfg = Release|Any CPU
		{0B457D67-B943-45F8-83D7-A2B85FFD92DC}.Release|Any CPU.Build.0 = Release|Any CPU
	EndGlobalSection
	GlobalSection(SolutionProperties) = preSolution
		HideSolutionNode = FALSE
	EndGlobalSection
	GlobalSection(ExtensibilityGlobals) = postSolution
		SolutionGuid = {73F5F889-0EA3-4FAE-8BF3-02DA5B1D71A6}
	EndGlobalSection
EndGlobal
